// !$*UTF8*$!
{
	archiveVersion = 1;
	classes = {
	};
	objectVersion = 50;
	objects = {

/* Begin PBXBuildFile section */
		551004A5216B934C00C39591 /* UserTweets.swift in Sources */ = {isa = PBXBuildFile; fileRef = 551004A4216B934C00C39591 /* UserTweets.swift */; };
		551A99B4214D2A0500CA0DFC /* InstructionViewController.swift in Sources */ = {isa = PBXBuildFile; fileRef = 551A99B3214D2A0500CA0DFC /* InstructionViewController.swift */; };
		551A99B7214D731500CA0DFC /* TweetTableViewCell.swift in Sources */ = {isa = PBXBuildFile; fileRef = 551A99B6214D731500CA0DFC /* TweetTableViewCell.swift */; };
		551A99BC214E555700CA0DFC /* Category.swift in Sources */ = {isa = PBXBuildFile; fileRef = 551A99BB214E555700CA0DFC /* Category.swift */; };
		551A99BE214E583800CA0DFC /* CategoryTableViewCell.swift in Sources */ = {isa = PBXBuildFile; fileRef = 551A99BD214E583800CA0DFC /* CategoryTableViewCell.swift */; };
		551A99C0214E917B00CA0DFC /* AddCategoryTableViewCell.swift in Sources */ = {isa = PBXBuildFile; fileRef = 551A99BF214E917B00CA0DFC /* AddCategoryTableViewCell.swift */; };
		551A99C3214E928000CA0DFC /* Extensions.swift in Sources */ = {isa = PBXBuildFile; fileRef = 551A99C2214E928000CA0DFC /* Extensions.swift */; };
		551A99C5214EAA7600CA0DFC /* AddCategoryTableViewController.swift in Sources */ = {isa = PBXBuildFile; fileRef = 551A99C4214EAA7600CA0DFC /* AddCategoryTableViewController.swift */; };
		551A99C7214EC47A00CA0DFC /* TextInputTableViewCell.swift in Sources */ = {isa = PBXBuildFile; fileRef = 551A99C6214EC47A00CA0DFC /* TextInputTableViewCell.swift */; };
		551A99C9214EC66200CA0DFC /* ChooseColorTableViewCell.swift in Sources */ = {isa = PBXBuildFile; fileRef = 551A99C8214EC66200CA0DFC /* ChooseColorTableViewCell.swift */; };
		551A99CB214ECD0600CA0DFC /* ColorCollectionViewCell.swift in Sources */ = {isa = PBXBuildFile; fileRef = 551A99CA214ECD0600CA0DFC /* ColorCollectionViewCell.swift */; };
		552A0EC4211ED78C007C8232 /* HomeViewController.swift in Sources */ = {isa = PBXBuildFile; fileRef = 552A0EC3211ED78C007C8232 /* HomeViewController.swift */; };
		552A0EC82121C892007C8232 /* SafariServices.framework in Frameworks */ = {isa = PBXBuildFile; fileRef = 552A0EC72121C892007C8232 /* SafariServices.framework */; };
		553F4878214FF045000C0411 /* TweetDetailViewController.swift in Sources */ = {isa = PBXBuildFile; fileRef = 553F4877214FF045000C0411 /* TweetDetailViewController.swift */; };
		5540B4542165904400322288 /* InstructionCollectionViewCell.swift in Sources */ = {isa = PBXBuildFile; fileRef = 5540B4532165904400322288 /* InstructionCollectionViewCell.swift */; };
		5540B4562165923100322288 /* CategoryTableViewController.swift in Sources */ = {isa = PBXBuildFile; fileRef = 5540B4552165923000322288 /* CategoryTableViewController.swift */; };
		5543B2972155C3A2007D597F /* CategoryCollectionViewCell.swift in Sources */ = {isa = PBXBuildFile; fileRef = 5543B2962155C3A2007D597F /* CategoryCollectionViewCell.swift */; };
		5543B2992155D480007D597F /* PlusButtonCollectionViewCell.swift in Sources */ = {isa = PBXBuildFile; fileRef = 5543B2982155D480007D597F /* PlusButtonCollectionViewCell.swift */; };
		5543C0EE214FC5EF00B7C526 /* CircleView.swift in Sources */ = {isa = PBXBuildFile; fileRef = 5543C0ED214FC5EF00B7C526 /* CircleView.swift */; };
		5543C0F0214FD23600B7C526 /* SelectedCircleView.swift in Sources */ = {isa = PBXBuildFile; fileRef = 5543C0EF214FD23600B7C526 /* SelectedCircleView.swift */; };
		55457722210012B000DD6FBD /* AppDelegate.swift in Sources */ = {isa = PBXBuildFile; fileRef = 55457721210012B000DD6FBD /* AppDelegate.swift */; };
		5545772A210012B000DD6FBD /* LikeManager.xcdatamodeld in Sources */ = {isa = PBXBuildFile; fileRef = 55457728210012B000DD6FBD /* LikeManager.xcdatamodeld */; };
		5545772F210012B200DD6FBD /* LaunchScreen.storyboard in Resources */ = {isa = PBXBuildFile; fileRef = 5545772D210012B200DD6FBD /* LaunchScreen.storyboard */; };
		5556F15721590B5C0009D4E9 /* CategoryDetailTableViewController.swift in Sources */ = {isa = PBXBuildFile; fileRef = 5556F15621590B5C0009D4E9 /* CategoryDetailTableViewController.swift */; };
		5556F160215DC6790009D4E9 /* SettingViewController.swift in Sources */ = {isa = PBXBuildFile; fileRef = 5556F15F215DC6790009D4E9 /* SettingViewController.swift */; };
		5556F162215DC9F20009D4E9 /* ContainerViewController.swift in Sources */ = {isa = PBXBuildFile; fileRef = 5556F161215DC9F20009D4E9 /* ContainerViewController.swift */; };
		558C4BBC2160B15A0072CE68 /* AccountTableViewCell.swift in Sources */ = {isa = PBXBuildFile; fileRef = 558C4BBB2160B15A0072CE68 /* AccountTableViewCell.swift */; };
		558C4BC02160B3DC0072CE68 /* SettingHeaderView.swift in Sources */ = {isa = PBXBuildFile; fileRef = 558C4BBF2160B3DC0072CE68 /* SettingHeaderView.swift */; };
		558C4BC22160E99E0072CE68 /* User.swift in Sources */ = {isa = PBXBuildFile; fileRef = 558C4BC12160E99E0072CE68 /* User.swift */; };
		55DE351C216504C3007A1E70 /* Assets.xcassets in Resources */ = {isa = PBXBuildFile; fileRef = 55DE351B216504C3007A1E70 /* Assets.xcassets */; };
		55FB1AF921576F91004C0728 /* RealmService.swift in Sources */ = {isa = PBXBuildFile; fileRef = 55FB1AF821576F91004C0728 /* RealmService.swift */; };
		FC899157C1C6F8D1F598F9CE /* Pods_LikeManager.framework in Frameworks */ = {isa = PBXBuildFile; fileRef = 23F084CDA5B2EFB6D66D077C /* Pods_LikeManager.framework */; };
/* End PBXBuildFile section */

/* Begin PBXFileReference section */
		09025583E6D21306D3B98C0B /* Pods-LikeManager.release.xcconfig */ = {isa = PBXFileReference; includeInIndex = 1; lastKnownFileType = text.xcconfig; name = "Pods-LikeManager.release.xcconfig"; path = "Pods/Target Support Files/Pods-LikeManager/Pods-LikeManager.release.xcconfig"; sourceTree = "<group>"; };
		23F084CDA5B2EFB6D66D077C /* Pods_LikeManager.framework */ = {isa = PBXFileReference; explicitFileType = wrapper.framework; includeInIndex = 0; path = Pods_LikeManager.framework; sourceTree = BUILT_PRODUCTS_DIR; };
		4F4EDFB79EDA1096AEBB4ECA /* Pods-LikeManager.debug.xcconfig */ = {isa = PBXFileReference; includeInIndex = 1; lastKnownFileType = text.xcconfig; name = "Pods-LikeManager.debug.xcconfig"; path = "Pods/Target Support Files/Pods-LikeManager/Pods-LikeManager.debug.xcconfig"; sourceTree = "<group>"; };
		551004A4216B934C00C39591 /* UserTweets.swift */ = {isa = PBXFileReference; lastKnownFileType = sourcecode.swift; path = UserTweets.swift; sourceTree = "<group>"; };
		551A99B3214D2A0500CA0DFC /* InstructionViewController.swift */ = {isa = PBXFileReference; lastKnownFileType = sourcecode.swift; path = InstructionViewController.swift; sourceTree = "<group>"; };
		551A99B6214D731500CA0DFC /* TweetTableViewCell.swift */ = {isa = PBXFileReference; lastKnownFileType = sourcecode.swift; path = TweetTableViewCell.swift; sourceTree = "<group>"; };
		551A99BB214E555700CA0DFC /* Category.swift */ = {isa = PBXFileReference; lastKnownFileType = sourcecode.swift; path = Category.swift; sourceTree = "<group>"; };
		551A99BD214E583800CA0DFC /* CategoryTableViewCell.swift */ = {isa = PBXFileReference; lastKnownFileType = sourcecode.swift; path = CategoryTableViewCell.swift; sourceTree = "<group>"; };
		551A99BF214E917B00CA0DFC /* AddCategoryTableViewCell.swift */ = {isa = PBXFileReference; lastKnownFileType = sourcecode.swift; path = AddCategoryTableViewCell.swift; sourceTree = "<group>"; };
		551A99C2214E928000CA0DFC /* Extensions.swift */ = {isa = PBXFileReference; lastKnownFileType = sourcecode.swift; path = Extensions.swift; sourceTree = "<group>"; };
		551A99C4214EAA7600CA0DFC /* AddCategoryTableViewController.swift */ = {isa = PBXFileReference; lastKnownFileType = sourcecode.swift; path = AddCategoryTableViewController.swift; sourceTree = "<group>"; };
		551A99C6214EC47A00CA0DFC /* TextInputTableViewCell.swift */ = {isa = PBXFileReference; lastKnownFileType = sourcecode.swift; path = TextInputTableViewCell.swift; sourceTree = "<group>"; };
		551A99C8214EC66200CA0DFC /* ChooseColorTableViewCell.swift */ = {isa = PBXFileReference; lastKnownFileType = sourcecode.swift; path = ChooseColorTableViewCell.swift; sourceTree = "<group>"; };
		551A99CA214ECD0600CA0DFC /* ColorCollectionViewCell.swift */ = {isa = PBXFileReference; lastKnownFileType = sourcecode.swift; path = ColorCollectionViewCell.swift; sourceTree = "<group>"; };
		552A0EC3211ED78C007C8232 /* HomeViewController.swift */ = {isa = PBXFileReference; lastKnownFileType = sourcecode.swift; path = HomeViewController.swift; sourceTree = "<group>"; };
		552A0EC72121C892007C8232 /* SafariServices.framework */ = {isa = PBXFileReference; lastKnownFileType = wrapper.framework; name = SafariServices.framework; path = System/Library/Frameworks/SafariServices.framework; sourceTree = SDKROOT; };
		553F4877214FF045000C0411 /* TweetDetailViewController.swift */ = {isa = PBXFileReference; lastKnownFileType = sourcecode.swift; path = TweetDetailViewController.swift; sourceTree = "<group>"; };
		5540B4532165904400322288 /* InstructionCollectionViewCell.swift */ = {isa = PBXFileReference; lastKnownFileType = sourcecode.swift; path = InstructionCollectionViewCell.swift; sourceTree = "<group>"; };
		5540B4552165923000322288 /* CategoryTableViewController.swift */ = {isa = PBXFileReference; fileEncoding = 4; lastKnownFileType = sourcecode.swift; path = CategoryTableViewController.swift; sourceTree = "<group>"; };
		5543B2962155C3A2007D597F /* CategoryCollectionViewCell.swift */ = {isa = PBXFileReference; lastKnownFileType = sourcecode.swift; path = CategoryCollectionViewCell.swift; sourceTree = "<group>"; };
		5543B2982155D480007D597F /* PlusButtonCollectionViewCell.swift */ = {isa = PBXFileReference; lastKnownFileType = sourcecode.swift; path = PlusButtonCollectionViewCell.swift; sourceTree = "<group>"; };
		5543C0ED214FC5EF00B7C526 /* CircleView.swift */ = {isa = PBXFileReference; lastKnownFileType = sourcecode.swift; path = CircleView.swift; sourceTree = "<group>"; };
		5543C0EF214FD23600B7C526 /* SelectedCircleView.swift */ = {isa = PBXFileReference; lastKnownFileType = sourcecode.swift; path = SelectedCircleView.swift; sourceTree = "<group>"; };
		5545771E210012B000DD6FBD /* LikeManager.app */ = {isa = PBXFileReference; explicitFileType = wrapper.application; includeInIndex = 0; path = LikeManager.app; sourceTree = BUILT_PRODUCTS_DIR; };
		55457721210012B000DD6FBD /* AppDelegate.swift */ = {isa = PBXFileReference; lastKnownFileType = sourcecode.swift; path = AppDelegate.swift; sourceTree = "<group>"; };
		55457729210012B000DD6FBD /* LikeManager.xcdatamodel */ = {isa = PBXFileReference; lastKnownFileType = wrapper.xcdatamodel; path = LikeManager.xcdatamodel; sourceTree = "<group>"; };
		5545772E210012B200DD6FBD /* Base */ = {isa = PBXFileReference; lastKnownFileType = file.storyboard; name = Base; path = Base.lproj/LaunchScreen.storyboard; sourceTree = "<group>"; };
		55457730210012B200DD6FBD /* Info.plist */ = {isa = PBXFileReference; lastKnownFileType = text.plist.xml; path = Info.plist; sourceTree = "<group>"; };
		5556F15621590B5C0009D4E9 /* CategoryDetailTableViewController.swift */ = {isa = PBXFileReference; lastKnownFileType = sourcecode.swift; path = CategoryDetailTableViewController.swift; sourceTree = "<group>"; };
		5556F15F215DC6790009D4E9 /* SettingViewController.swift */ = {isa = PBXFileReference; lastKnownFileType = sourcecode.swift; path = SettingViewController.swift; sourceTree = "<group>"; };
		5556F161215DC9F20009D4E9 /* ContainerViewController.swift */ = {isa = PBXFileReference; lastKnownFileType = sourcecode.swift; path = ContainerViewController.swift; sourceTree = "<group>"; };
		558C4BBB2160B15A0072CE68 /* AccountTableViewCell.swift */ = {isa = PBXFileReference; lastKnownFileType = sourcecode.swift; path = AccountTableViewCell.swift; sourceTree = "<group>"; };
		558C4BBF2160B3DC0072CE68 /* SettingHeaderView.swift */ = {isa = PBXFileReference; lastKnownFileType = sourcecode.swift; path = SettingHeaderView.swift; sourceTree = "<group>"; };
		558C4BC12160E99E0072CE68 /* User.swift */ = {isa = PBXFileReference; lastKnownFileType = sourcecode.swift; path = User.swift; sourceTree = "<group>"; };
		55DE351B216504C3007A1E70 /* Assets.xcassets */ = {isa = PBXFileReference; lastKnownFileType = folder.assetcatalog; path = Assets.xcassets; sourceTree = "<group>"; };
		55FB1AF821576F91004C0728 /* RealmService.swift */ = {isa = PBXFileReference; lastKnownFileType = sourcecode.swift; path = RealmService.swift; sourceTree = "<group>"; };
/* End PBXFileReference section */

/* Begin PBXFrameworksBuildPhase section */
		5545771B210012B000DD6FBD /* Frameworks */ = {
			isa = PBXFrameworksBuildPhase;
			buildActionMask = 2147483647;
			files = (
				552A0EC82121C892007C8232 /* SafariServices.framework in Frameworks */,
				FC899157C1C6F8D1F598F9CE /* Pods_LikeManager.framework in Frameworks */,
			);
			runOnlyForDeploymentPostprocessing = 0;
		};
/* End PBXFrameworksBuildPhase section */

/* Begin PBXGroup section */
		551A99B5214D72EC00CA0DFC /* Views */ = {
			isa = PBXGroup;
			children = (
				551A99B6214D731500CA0DFC /* TweetTableViewCell.swift */,
				551A99BD214E583800CA0DFC /* CategoryTableViewCell.swift */,
				551A99BF214E917B00CA0DFC /* AddCategoryTableViewCell.swift */,
				551A99C6214EC47A00CA0DFC /* TextInputTableViewCell.swift */,
				551A99C8214EC66200CA0DFC /* ChooseColorTableViewCell.swift */,
				551A99CA214ECD0600CA0DFC /* ColorCollectionViewCell.swift */,
				5543C0ED214FC5EF00B7C526 /* CircleView.swift */,
				5543C0EF214FD23600B7C526 /* SelectedCircleView.swift */,
				5543B2962155C3A2007D597F /* CategoryCollectionViewCell.swift */,
				5543B2982155D480007D597F /* PlusButtonCollectionViewCell.swift */,
				558C4BBB2160B15A0072CE68 /* AccountTableViewCell.swift */,
				558C4BBF2160B3DC0072CE68 /* SettingHeaderView.swift */,
				5540B4532165904400322288 /* InstructionCollectionViewCell.swift */,
			);
			path = Views;
			sourceTree = "<group>";
		};
		551A99BA214E553600CA0DFC /* Models */ = {
			isa = PBXGroup;
			children = (
				551A99BB214E555700CA0DFC /* Category.swift */,
				558C4BC12160E99E0072CE68 /* User.swift */,
				551004A4216B934C00C39591 /* UserTweets.swift */,
			);
			path = Models;
			sourceTree = "<group>";
		};
		551A99C1214E927000CA0DFC /* Utilities */ = {
			isa = PBXGroup;
			children = (
				551A99C2214E928000CA0DFC /* Extensions.swift */,
				55FB1AF821576F91004C0728 /* RealmService.swift */,
			);
			path = Utilities;
			sourceTree = "<group>";
		};
		552A0EC2211ED76D007C8232 /* Controllers */ = {
			isa = PBXGroup;
			children = (
				552A0EC3211ED78C007C8232 /* HomeViewController.swift */,
				5540B4552165923000322288 /* CategoryTableViewController.swift */,
				551A99B3214D2A0500CA0DFC /* InstructionViewController.swift */,
				551A99C4214EAA7600CA0DFC /* AddCategoryTableViewController.swift */,
				553F4877214FF045000C0411 /* TweetDetailViewController.swift */,
				5556F15621590B5C0009D4E9 /* CategoryDetailTableViewController.swift */,
				5556F15F215DC6790009D4E9 /* SettingViewController.swift */,
				5556F161215DC9F20009D4E9 /* ContainerViewController.swift */,
			);
			path = Controllers;
			sourceTree = "<group>";
		};
		55457715210012B000DD6FBD = {
			isa = PBXGroup;
			children = (
				55457720210012B000DD6FBD /* LikeManager */,
				5545771F210012B000DD6FBD /* Products */,
				8805CEE7D4DA768C0A44A073 /* Pods */,
				FDE397DADEE663D4AE7C6DDC /* Frameworks */,
			);
			sourceTree = "<group>";
		};
		5545771F210012B000DD6FBD /* Products */ = {
			isa = PBXGroup;
			children = (
				5545771E210012B000DD6FBD /* LikeManager.app */,
			);
			name = Products;
			sourceTree = "<group>";
		};
		55457720210012B000DD6FBD /* LikeManager */ = {
			isa = PBXGroup;
			children = (
				551A99C1214E927000CA0DFC /* Utilities */,
				551A99BA214E553600CA0DFC /* Models */,
				552A0EC2211ED76D007C8232 /* Controllers */,
				55DE351B216504C3007A1E70 /* Assets.xcassets */,
				551A99B5214D72EC00CA0DFC /* Views */,
				55457721210012B000DD6FBD /* AppDelegate.swift */,
				5545772D210012B200DD6FBD /* LaunchScreen.storyboard */,
				55457730210012B200DD6FBD /* Info.plist */,
				55457728210012B000DD6FBD /* LikeManager.xcdatamodeld */,
			);
			path = LikeManager;
			sourceTree = "<group>";
		};
		8805CEE7D4DA768C0A44A073 /* Pods */ = {
			isa = PBXGroup;
			children = (
				4F4EDFB79EDA1096AEBB4ECA /* Pods-LikeManager.debug.xcconfig */,
				09025583E6D21306D3B98C0B /* Pods-LikeManager.release.xcconfig */,
			);
			name = Pods;
			sourceTree = "<group>";
		};
		FDE397DADEE663D4AE7C6DDC /* Frameworks */ = {
			isa = PBXGroup;
			children = (
				552A0EC72121C892007C8232 /* SafariServices.framework */,
				23F084CDA5B2EFB6D66D077C /* Pods_LikeManager.framework */,
			);
			name = Frameworks;
			sourceTree = "<group>";
		};
/* End PBXGroup section */

/* Begin PBXNativeTarget section */
		5545771D210012B000DD6FBD /* LikeManager */ = {
			isa = PBXNativeTarget;
			buildConfigurationList = 55457733210012B200DD6FBD /* Build configuration list for PBXNativeTarget "LikeManager" */;
			buildPhases = (
				623DAD82B3B9DE1E0218B67A /* [CP] Check Pods Manifest.lock */,
				5545771A210012B000DD6FBD /* Sources */,
				5545771B210012B000DD6FBD /* Frameworks */,
				5545771C210012B000DD6FBD /* Resources */,
				B376B73FBA5F5555CAA9D310 /* [CP] Embed Pods Frameworks */,
				12E21EFBB216504B6E52AE3F /* [CP] Copy Pods Resources */,
				5556F158215A29F00009D4E9 /* ShellScript */,
			);
			buildRules = (
			);
			dependencies = (
			);
			name = LikeManager;
			productName = LikeManager;
			productReference = 5545771E210012B000DD6FBD /* LikeManager.app */;
			productType = "com.apple.product-type.application";
		};
/* End PBXNativeTarget section */

/* Begin PBXProject section */
		55457716210012B000DD6FBD /* Project object */ = {
			isa = PBXProject;
			attributes = {
				LastSwiftUpdateCheck = 0940;
				LastUpgradeCheck = 0940;
				ORGANIZATIONNAME = "Kohei Arai";
				TargetAttributes = {
					5545771D210012B000DD6FBD = {
						CreatedOnToolsVersion = 9.4.1;
					};
				};
			};
			buildConfigurationList = 55457719210012B000DD6FBD /* Build configuration list for PBXProject "LikeManager" */;
			compatibilityVersion = "Xcode 9.3";
			developmentRegion = en;
			hasScannedForEncodings = 0;
			knownRegions = (
				en,
				Base,
			);
			mainGroup = 55457715210012B000DD6FBD;
			productRefGroup = 5545771F210012B000DD6FBD /* Products */;
			projectDirPath = "";
			projectRoot = "";
			targets = (
				5545771D210012B000DD6FBD /* LikeManager */,
			);
		};
/* End PBXProject section */

/* Begin PBXResourcesBuildPhase section */
		5545771C210012B000DD6FBD /* Resources */ = {
			isa = PBXResourcesBuildPhase;
			buildActionMask = 2147483647;
			files = (
				55DE351C216504C3007A1E70 /* Assets.xcassets in Resources */,
				5545772F210012B200DD6FBD /* LaunchScreen.storyboard in Resources */,
			);
			runOnlyForDeploymentPostprocessing = 0;
		};
/* End PBXResourcesBuildPhase section */

/* Begin PBXShellScriptBuildPhase section */
		12E21EFBB216504B6E52AE3F /* [CP] Copy Pods Resources */ = {
			isa = PBXShellScriptBuildPhase;
			buildActionMask = 2147483647;
			files = (
			);
			inputPaths = (
				"${SRCROOT}/Pods/Target Support Files/Pods-LikeManager/Pods-LikeManager-resources.sh",
				"${PODS_ROOT}/TwitterKit/iOS/TwitterKit.framework/TwitterKitResources.bundle",
				"${PODS_ROOT}/TwitterKit/iOS/TwitterKit.framework/TwitterShareExtensionUIResources.bundle",
			);
			name = "[CP] Copy Pods Resources";
			outputPaths = (
				"${TARGET_BUILD_DIR}/${UNLOCALIZED_RESOURCES_FOLDER_PATH}/TwitterKitResources.bundle",
				"${TARGET_BUILD_DIR}/${UNLOCALIZED_RESOURCES_FOLDER_PATH}/TwitterShareExtensionUIResources.bundle",
			);
			runOnlyForDeploymentPostprocessing = 0;
			shellPath = /bin/sh;
			shellScript = "\"${SRCROOT}/Pods/Target Support Files/Pods-LikeManager/Pods-LikeManager-resources.sh\"\n";
			showEnvVarsInLog = 0;
		};
		5556F158215A29F00009D4E9 /* ShellScript */ = {
			isa = PBXShellScriptBuildPhase;
			buildActionMask = 2147483647;
			files = (
			);
			inputPaths = (
			);
			outputPaths = (
			);
			runOnlyForDeploymentPostprocessing = 0;
			shellPath = /bin/sh;
			shellScript = "";
		};
		623DAD82B3B9DE1E0218B67A /* [CP] Check Pods Manifest.lock */ = {
			isa = PBXShellScriptBuildPhase;
			buildActionMask = 2147483647;
			files = (
			);
			inputPaths = (
				"${PODS_PODFILE_DIR_PATH}/Podfile.lock",
				"${PODS_ROOT}/Manifest.lock",
			);
			name = "[CP] Check Pods Manifest.lock";
			outputPaths = (
				"$(DERIVED_FILE_DIR)/Pods-LikeManager-checkManifestLockResult.txt",
			);
			runOnlyForDeploymentPostprocessing = 0;
			shellPath = /bin/sh;
			shellScript = "diff \"${PODS_PODFILE_DIR_PATH}/Podfile.lock\" \"${PODS_ROOT}/Manifest.lock\" > /dev/null\nif [ $? != 0 ] ; then\n    # print error to STDERR\n    echo \"error: The sandbox is not in sync with the Podfile.lock. Run 'pod install' or update your CocoaPods installation.\" >&2\n    exit 1\nfi\n# This output is used by Xcode 'outputs' to avoid re-running this script phase.\necho \"SUCCESS\" > \"${SCRIPT_OUTPUT_FILE_0}\"\n";
			showEnvVarsInLog = 0;
		};
		B376B73FBA5F5555CAA9D310 /* [CP] Embed Pods Frameworks */ = {
			isa = PBXShellScriptBuildPhase;
			buildActionMask = 2147483647;
			files = (
			);
			inputPaths = (
				"${SRCROOT}/Pods/Target Support Files/Pods-LikeManager/Pods-LikeManager-frameworks.sh",
				"${BUILT_PRODUCTS_DIR}/Realm/Realm.framework",
				"${BUILT_PRODUCTS_DIR}/RealmSwift/RealmSwift.framework",
				"${PODS_ROOT}/TwitterCore/iOS/TwitterCore.framework",
				"${PODS_ROOT}/TwitterKit/iOS/TwitterKit.framework",
			);
			name = "[CP] Embed Pods Frameworks";
			outputPaths = (
				"${TARGET_BUILD_DIR}/${FRAMEWORKS_FOLDER_PATH}/Realm.framework",
				"${TARGET_BUILD_DIR}/${FRAMEWORKS_FOLDER_PATH}/RealmSwift.framework",
				"${TARGET_BUILD_DIR}/${FRAMEWORKS_FOLDER_PATH}/TwitterCore.framework",
				"${TARGET_BUILD_DIR}/${FRAMEWORKS_FOLDER_PATH}/TwitterKit.framework",
			);
			runOnlyForDeploymentPostprocessing = 0;
			shellPath = /bin/sh;
			shellScript = "\"${SRCROOT}/Pods/Target Support Files/Pods-LikeManager/Pods-LikeManager-frameworks.sh\"\n";
			showEnvVarsInLog = 0;
		};
/* End PBXShellScriptBuildPhase section */

/* Begin PBXSourcesBuildPhase section */
		5545771A210012B000DD6FBD /* Sources */ = {
			isa = PBXSourcesBuildPhase;
			buildActionMask = 2147483647;
			files = (
				558C4BC22160E99E0072CE68 /* User.swift in Sources */,
				5556F160215DC6790009D4E9 /* SettingViewController.swift in Sources */,
				551004A5216B934C00C39591 /* UserTweets.swift in Sources */,
				558C4BC02160B3DC0072CE68 /* SettingHeaderView.swift in Sources */,
				5545772A210012B000DD6FBD /* LikeManager.xcdatamodeld in Sources */,
				55457722210012B000DD6FBD /* AppDelegate.swift in Sources */,
				551A99B4214D2A0500CA0DFC /* InstructionViewController.swift in Sources */,
				5543B2972155C3A2007D597F /* CategoryCollectionViewCell.swift in Sources */,
				552A0EC4211ED78C007C8232 /* HomeViewController.swift in Sources */,
				5543B2992155D480007D597F /* PlusButtonCollectionViewCell.swift in Sources */,
				553F4878214FF045000C0411 /* TweetDetailViewController.swift in Sources */,
				551A99C3214E928000CA0DFC /* Extensions.swift in Sources */,
				5543C0EE214FC5EF00B7C526 /* CircleView.swift in Sources */,
				551A99C9214EC66200CA0DFC /* ChooseColorTableViewCell.swift in Sources */,
				551A99B7214D731500CA0DFC /* TweetTableViewCell.swift in Sources */,
				5540B4562165923100322288 /* CategoryTableViewController.swift in Sources */,
				5543C0F0214FD23600B7C526 /* SelectedCircleView.swift in Sources */,
				5556F162215DC9F20009D4E9 /* ContainerViewController.swift in Sources */,
				551A99CB214ECD0600CA0DFC /* ColorCollectionViewCell.swift in Sources */,
				551A99C7214EC47A00CA0DFC /* TextInputTableViewCell.swift in Sources */,
				551A99C0214E917B00CA0DFC /* AddCategoryTableViewCell.swift in Sources */,
				551A99C5214EAA7600CA0DFC /* AddCategoryTableViewController.swift in Sources */,
				551A99BC214E555700CA0DFC /* Category.swift in Sources */,
				551A99BE214E583800CA0DFC /* CategoryTableViewCell.swift in Sources */,
				558C4BBC2160B15A0072CE68 /* AccountTableViewCell.swift in Sources */,
				55FB1AF921576F91004C0728 /* RealmService.swift in Sources */,
				5556F15721590B5C0009D4E9 /* CategoryDetailTableViewController.swift in Sources */,
				5540B4542165904400322288 /* InstructionCollectionViewCell.swift in Sources */,
			);
			runOnlyForDeploymentPostprocessing = 0;
		};
/* End PBXSourcesBuildPhase section */

/* Begin PBXVariantGroup section */
		5545772D210012B200DD6FBD /* LaunchScreen.storyboard */ = {
			isa = PBXVariantGroup;
			children = (
				5545772E210012B200DD6FBD /* Base */,
			);
			name = LaunchScreen.storyboard;
			sourceTree = "<group>";
		};
/* End PBXVariantGroup section */

/* Begin XCBuildConfiguration section */
		55457731210012B200DD6FBD /* Debug */ = {
			isa = XCBuildConfiguration;
			buildSettings = {
				ALWAYS_SEARCH_USER_PATHS = NO;
				CLANG_ANALYZER_NONNULL = YES;
				CLANG_ANALYZER_NUMBER_OBJECT_CONVERSION = YES_AGGRESSIVE;
				CLANG_CXX_LANGUAGE_STANDARD = "gnu++14";
				CLANG_CXX_LIBRARY = "libc++";
				CLANG_ENABLE_MODULES = YES;
				CLANG_ENABLE_OBJC_ARC = YES;
				CLANG_ENABLE_OBJC_WEAK = YES;
				CLANG_WARN_BLOCK_CAPTURE_AUTORELEASING = YES;
				CLANG_WARN_BOOL_CONVERSION = YES;
				CLANG_WARN_COMMA = YES;
				CLANG_WARN_CONSTANT_CONVERSION = YES;
				CLANG_WARN_DEPRECATED_OBJC_IMPLEMENTATIONS = YES;
				CLANG_WARN_DIRECT_OBJC_ISA_USAGE = YES_ERROR;
				CLANG_WARN_DOCUMENTATION_COMMENTS = YES;
				CLANG_WARN_EMPTY_BODY = YES;
				CLANG_WARN_ENUM_CONVERSION = YES;
				CLANG_WARN_INFINITE_RECURSION = YES;
				CLANG_WARN_INT_CONVERSION = YES;
				CLANG_WARN_NON_LITERAL_NULL_CONVERSION = YES;
				CLANG_WARN_OBJC_IMPLICIT_RETAIN_SELF = YES;
				CLANG_WARN_OBJC_LITERAL_CONVERSION = YES;
				CLANG_WARN_OBJC_ROOT_CLASS = YES_ERROR;
				CLANG_WARN_RANGE_LOOP_ANALYSIS = YES;
				CLANG_WARN_STRICT_PROTOTYPES = YES;
				CLANG_WARN_SUSPICIOUS_MOVE = YES;
				CLANG_WARN_UNGUARDED_AVAILABILITY = YES_AGGRESSIVE;
				CLANG_WARN_UNREACHABLE_CODE = YES;
				CLANG_WARN__DUPLICATE_METHOD_MATCH = YES;
				CODE_SIGN_IDENTITY = "iPhone Developer";
				COPY_PHASE_STRIP = NO;
				DEBUG_INFORMATION_FORMAT = dwarf;
				ENABLE_STRICT_OBJC_MSGSEND = YES;
				ENABLE_TESTABILITY = YES;
				GCC_C_LANGUAGE_STANDARD = gnu11;
				GCC_DYNAMIC_NO_PIC = NO;
				GCC_NO_COMMON_BLOCKS = YES;
				GCC_OPTIMIZATION_LEVEL = 0;
				GCC_PREPROCESSOR_DEFINITIONS = (
					"DEBUG=1",
					"$(inherited)",
				);
				GCC_WARN_64_TO_32_BIT_CONVERSION = YES;
				GCC_WARN_ABOUT_RETURN_TYPE = YES_ERROR;
				GCC_WARN_UNDECLARED_SELECTOR = YES;
				GCC_WARN_UNINITIALIZED_AUTOS = YES_AGGRESSIVE;
				GCC_WARN_UNUSED_FUNCTION = YES;
				GCC_WARN_UNUSED_VARIABLE = YES;
				IPHONEOS_DEPLOYMENT_TARGET = 11.4;
				MTL_ENABLE_DEBUG_INFO = YES;
				ONLY_ACTIVE_ARCH = YES;
				SDKROOT = iphoneos;
				SWIFT_ACTIVE_COMPILATION_CONDITIONS = DEBUG;
				SWIFT_OPTIMIZATION_LEVEL = "-Onone";
			};
			name = Debug;
		};
		55457732210012B200DD6FBD /* Release */ = {
			isa = XCBuildConfiguration;
			buildSettings = {
				ALWAYS_SEARCH_USER_PATHS = NO;
				CLANG_ANALYZER_NONNULL = YES;
				CLANG_ANALYZER_NUMBER_OBJECT_CONVERSION = YES_AGGRESSIVE;
				CLANG_CXX_LANGUAGE_STANDARD = "gnu++14";
				CLANG_CXX_LIBRARY = "libc++";
				CLANG_ENABLE_MODULES = YES;
				CLANG_ENABLE_OBJC_ARC = YES;
				CLANG_ENABLE_OBJC_WEAK = YES;
				CLANG_WARN_BLOCK_CAPTURE_AUTORELEASING = YES;
				CLANG_WARN_BOOL_CONVERSION = YES;
				CLANG_WARN_COMMA = YES;
				CLANG_WARN_CONSTANT_CONVERSION = YES;
				CLANG_WARN_DEPRECATED_OBJC_IMPLEMENTATIONS = YES;
				CLANG_WARN_DIRECT_OBJC_ISA_USAGE = YES_ERROR;
				CLANG_WARN_DOCUMENTATION_COMMENTS = YES;
				CLANG_WARN_EMPTY_BODY = YES;
				CLANG_WARN_ENUM_CONVERSION = YES;
				CLANG_WARN_INFINITE_RECURSION = YES;
				CLANG_WARN_INT_CONVERSION = YES;
				CLANG_WARN_NON_LITERAL_NULL_CONVERSION = YES;
				CLANG_WARN_OBJC_IMPLICIT_RETAIN_SELF = YES;
				CLANG_WARN_OBJC_LITERAL_CONVERSION = YES;
				CLANG_WARN_OBJC_ROOT_CLASS = YES_ERROR;
				CLANG_WARN_RANGE_LOOP_ANALYSIS = YES;
				CLANG_WARN_STRICT_PROTOTYPES = YES;
				CLANG_WARN_SUSPICIOUS_MOVE = YES;
				CLANG_WARN_UNGUARDED_AVAILABILITY = YES_AGGRESSIVE;
				CLANG_WARN_UNREACHABLE_CODE = YES;
				CLANG_WARN__DUPLICATE_METHOD_MATCH = YES;
				CODE_SIGN_IDENTITY = "iPhone Developer";
				COPY_PHASE_STRIP = NO;
				DEBUG_INFORMATION_FORMAT = "dwarf-with-dsym";
				ENABLE_NS_ASSERTIONS = NO;
				ENABLE_STRICT_OBJC_MSGSEND = YES;
				GCC_C_LANGUAGE_STANDARD = gnu11;
				GCC_NO_COMMON_BLOCKS = YES;
				GCC_WARN_64_TO_32_BIT_CONVERSION = YES;
				GCC_WARN_ABOUT_RETURN_TYPE = YES_ERROR;
				GCC_WARN_UNDECLARED_SELECTOR = YES;
				GCC_WARN_UNINITIALIZED_AUTOS = YES_AGGRESSIVE;
				GCC_WARN_UNUSED_FUNCTION = YES;
				GCC_WARN_UNUSED_VARIABLE = YES;
				IPHONEOS_DEPLOYMENT_TARGET = 11.4;
				MTL_ENABLE_DEBUG_INFO = NO;
				SDKROOT = iphoneos;
				SWIFT_COMPILATION_MODE = wholemodule;
				SWIFT_OPTIMIZATION_LEVEL = "-O";
				VALIDATE_PRODUCT = YES;
			};
			name = Release;
		};
		55457734210012B200DD6FBD /* Debug */ = {
			isa = XCBuildConfiguration;
			baseConfigurationReference = 4F4EDFB79EDA1096AEBB4ECA /* Pods-LikeManager.debug.xcconfig */;
			buildSettings = {
				ASSETCATALOG_COMPILER_APPICON_NAME = AppIcon;
				CODE_SIGN_STYLE = Automatic;
				DEVELOPMENT_TEAM = V5597WVJA9;
				FRAMEWORK_SEARCH_PATHS = (
					"$(inherited)",
					"$(PROJECT_DIR)",
				);
				INFOPLIST_FILE = LikeManager/Info.plist;
				IPHONEOS_DEPLOYMENT_TARGET = 11.0;
				LD_RUNPATH_SEARCH_PATHS = (
					"$(inherited)",
					"@executable_path/Frameworks",
				);
				PRODUCT_BUNDLE_IDENTIFIER = "com.test.icloud.a-la-mode11081108.LikeManager";
				PRODUCT_NAME = "$(TARGET_NAME)";
				SWIFT_VERSION = 4.0;
				TARGETED_DEVICE_FAMILY = "1,2";
			};
			name = Debug;
		};
		55457735210012B200DD6FBD /* Release */ = {
			isa = XCBuildConfiguration;
			baseConfigurationReference = 09025583E6D21306D3B98C0B /* Pods-LikeManager.release.xcconfig */;
			buildSettings = {
				ASSETCATALOG_COMPILER_APPICON_NAME = AppIcon;
				CODE_SIGN_STYLE = Automatic;
				DEVELOPMENT_TEAM = V5597WVJA9;
				FRAMEWORK_SEARCH_PATHS = (
					"$(inherited)",
					"$(PROJECT_DIR)",
				);
				INFOPLIST_FILE = LikeManager/Info.plist;
				IPHONEOS_DEPLOYMENT_TARGET = 11.0;
				LD_RUNPATH_SEARCH_PATHS = (
					"$(inherited)",
					"@executable_path/Frameworks",
				);
				PRODUCT_BUNDLE_IDENTIFIER = "com.test.icloud.a-la-mode11081108.LikeManager";
				PRODUCT_NAME = "$(TARGET_NAME)";
				SWIFT_VERSION = 4.0;
				TARGETED_DEVICE_FAMILY = "1,2";
			};
			name = Release;
		};
/* End XCBuildConfiguration section */

/* Begin XCConfigurationList section */
		55457719210012B000DD6FBD /* Build configuration list for PBXProject "LikeManager" */ = {
			isa = XCConfigurationList;
			buildConfigurations = (
				55457731210012B200DD6FBD /* Debug */,
				55457732210012B200DD6FBD /* Release */,
			);
			defaultConfigurationIsVisible = 0;
			defaultConfigurationName = Release;
		};
		55457733210012B200DD6FBD /* Build configuration list for PBXNativeTarget "LikeManager" */ = {
			isa = XCConfigurationList;
			buildConfigurations = (
				55457734210012B200DD6FBD /* Debug */,
				55457735210012B200DD6FBD /* Release */,
			);
			defaultConfigurationIsVisible = 0;
			defaultConfigurationName = Release;
		};
/* End XCConfigurationList section */

/* Begin XCVersionGroup section */
		55457728210012B000DD6FBD /* LikeManager.xcdatamodeld */ = {
			isa = XCVersionGroup;
			children = (
				55457729210012B000DD6FBD /* LikeManager.xcdatamodel */,
			);
			currentVersion = 55457729210012B000DD6FBD /* LikeManager.xcdatamodel */;
			path = LikeManager.xcdatamodeld;
			sourceTree = "<group>";
			versionGroupType = wrapper.xcdatamodel;
		};
/* End XCVersionGroup section */
	};
	rootObject = 55457716210012B000DD6FBD /* Project object */;
}
